
Microsoft Visual Studio Solution File, Format Version 12.00
# Visual Studio Version 17
VisualStudioVersion = 17.2.32616.157
MinimumVisualStudioVersion = 10.0.40219.1
Project("{2150E333-8FDC-42A3-9474-1A3956D46DE8}") = "Solution Items", "Solution Items", "{CB8998F4-3CE3-41B9-9F70-BC6723BFA35F}"
	ProjectSection(SolutionItems) = preProject
		.editorconfig = .editorconfig
	EndProjectSection
EndProject
Project("{9A19103F-16F7-4668-BE54-9A1E7A4F7556}") = "JSN.Api", "JSN.Api\JSN.Api.csproj", "{AB33017C-3141-426E-B8AA-A4362DF18A71}"
EndProject
Project("{9A19103F-16F7-4668-BE54-9A1E7A4F7556}") = "JSN.Core", "JSN.Core\JSN.Core.csproj", "{05E06BE5-36B5-4C23-95E0-A8D01DBBF511}"
EndProject
Project("{9A19103F-16F7-4668-BE54-9A1E7A4F7556}") = "JSN.Service", "JSN.Service\JSN.Service.csproj", "{AD550546-8F02-4CBD-9E11-43CF9C2B4DDB}"
EndProject
Project("{9A19103F-16F7-4668-BE54-9A1E7A4F7556}") = "JSN.Shared", "JSN.Shared\JSN.Shared.csproj", "{03F810A7-64FF-4511-BE7B-E87350798958}"
EndProject
Project("{9A19103F-16F7-4668-BE54-9A1E7A4F7556}") = "JSN.AutoPublishArticle", "JSN.AutoPublishArticle\JSN.AutoPublishArticle.csproj", "{A618E0B5-FFDB-4D6F-8AAB-FD523126C876}"
EndProject
Project("{9A19103F-16F7-4668-BE54-9A1E7A4F7556}") = "JSN.Redis", "JSN.Redis\JSN.Redis.csproj", "{19876794-FCE3-4C25-BC72-9DFFD524EC24}"
EndProject
Project("{9A19103F-16F7-4668-BE54-9A1E7A4F7556}") = "JSN.Kafka", "JSN.Kafka\JSN.Kafka.csproj", "{E2FED46C-1644-40B7-8AD8-AF0F3855A8A6}"
EndProject
Project("{9A19103F-16F7-4668-BE54-9A1E7A4F7556}") = "JSN.SendToES", "JSN.SendToES\JSN.SendToES.csproj", "{4808A7AD-52C1-459E-9F5D-777CBB542477}"
EndProject
Global
	GlobalSection(SolutionConfigurationPlatforms) = preSolution
		Debug|Any CPU = Debug|Any CPU
		Release|Any CPU = Release|Any CPU
	EndGlobalSection
	GlobalSection(ProjectConfigurationPlatforms) = postSolution
		{AB33017C-3141-426E-B8AA-A4362DF18A71}.Debug|Any CPU.ActiveCfg = Debug|Any CPU
		{AB33017C-3141-426E-B8AA-A4362DF18A71}.Debug|Any CPU.Build.0 = Debug|Any CPU
		{AB33017C-3141-426E-B8AA-A4362DF18A71}.Release|Any CPU.ActiveCfg = Release|Any CPU
		{AB33017C-3141-426E-B8AA-A4362DF18A71}.Release|Any CPU.Build.0 = Release|Any CPU
		{05E06BE5-36B5-4C23-95E0-A8D01DBBF511}.Debug|Any CPU.ActiveCfg = Debug|Any CPU
		{05E06BE5-36B5-4C23-95E0-A8D01DBBF511}.Debug|Any CPU.Build.0 = Debug|Any CPU
		{05E06BE5-36B5-4C23-95E0-A8D01DBBF511}.Release|Any CPU.ActiveCfg = Release|Any CPU
		{05E06BE5-36B5-4C23-95E0-A8D01DBBF511}.Release|Any CPU.Build.0 = Release|Any CPU
		{AD550546-8F02-4CBD-9E11-43CF9C2B4DDB}.Debug|Any CPU.ActiveCfg = Debug|Any CPU
		{AD550546-8F02-4CBD-9E11-43CF9C2B4DDB}.Debug|Any CPU.Build.0 = Debug|Any CPU
		{AD550546-8F02-4CBD-9E11-43CF9C2B4DDB}.Release|Any CPU.ActiveCfg = Release|Any CPU
		{AD550546-8F02-4CBD-9E11-43CF9C2B4DDB}.Release|Any CPU.Build.0 = Release|Any CPU
		{03F810A7-64FF-4511-BE7B-E87350798958}.Debug|Any CPU.ActiveCfg = Debug|Any CPU
		{03F810A7-64FF-4511-BE7B-E87350798958}.Debug|Any CPU.Build.0 = Debug|Any CPU
		{03F810A7-64FF-4511-BE7B-E87350798958}.Release|Any CPU.ActiveCfg = Release|Any CPU
		{03F810A7-64FF-4511-BE7B-E87350798958}.Release|Any CPU.Build.0 = Release|Any CPU
		{A618E0B5-FFDB-4D6F-8AAB-FD523126C876}.Debug|Any CPU.ActiveCfg = Debug|Any CPU
		{A618E0B5-FFDB-4D6F-8AAB-FD523126C876}.Debug|Any CPU.Build.0 = Debug|Any CPU
		{A618E0B5-FFDB-4D6F-8AAB-FD523126C876}.Release|Any CPU.ActiveCfg = Release|Any CPU
		{A618E0B5-FFDB-4D6F-8AAB-FD523126C876}.Release|Any CPU.Build.0 = Release|Any CPU
		{19876794-FCE3-4C25-BC72-9DFFD524EC24}.Debug|Any CPU.ActiveCfg = Debug|Any CPU
		{19876794-FCE3-4C25-BC72-9DFFD524EC24}.Debug|Any CPU.Build.0 = Debug|Any CPU
		{19876794-FCE3-4C25-BC72-9DFFD524EC24}.Release|Any CPU.ActiveCfg = Release|Any CPU
		{19876794-FCE3-4C25-BC72-9DFFD524EC24}.Release|Any CPU.Build.0 = Release|Any CPU
		{E2FED46C-1644-40B7-8AD8-AF0F3855A8A6}.Debug|Any CPU.ActiveCfg = Debug|Any CPU
		{E2FED46C-1644-40B7-8AD8-AF0F3855A8A6}.Debug|Any CPU.Build.0 = Debug|Any CPU
		{E2FED46C-1644-40B7-8AD8-AF0F3855A8A6}.Release|Any CPU.ActiveCfg = Release|Any CPU
		{E2FED46C-1644-40B7-8AD8-AF0F3855A8A6}.Release|Any CPU.Build.0 = Release|Any CPU
		{4808A7AD-52C1-459E-9F5D-777CBB542477}.Debug|Any CPU.ActiveCfg = Debug|Any CPU
		{4808A7AD-52C1-459E-9F5D-777CBB542477}.Debug|Any CPU.Build.0 = Debug|Any CPU
		{4808A7AD-52C1-459E-9F5D-777CBB542477}.Release|Any CPU.ActiveCfg = Release|Any CPU
		{4808A7AD-52C1-459E-9F5D-777CBB542477}.Release|Any CPU.Build.0 = Release|Any CPU
	EndGlobalSection
	GlobalSection(SolutionProperties) = preSolution
		HideSolutionNode = FALSE
	EndGlobalSection
	GlobalSection(ExtensibilityGlobals) = postSolution
		SolutionGuid = {03EF5B0C-E68B-4A43-B44F-2813DF9B38C6}
	EndGlobalSection
EndGlobal
